
Microsoft Visual Studio Solution File, Format Version 12.00
# Visual Studio Version 16
VisualStudioVersion = 16.0.31105.61
MinimumVisualStudioVersion = 10.0.40219.1
Project("{FAE04EC0-301F-11D3-BF4B-00C04F79EFBC}") = "QueueUsingLinkList", "QueueUsingLinkList\QueueUsingLinkList.csproj", "{180F12AB-78C5-4C5B-A5CE-258BD69AF11A}"
EndProject
Project("{FAE04EC0-301F-11D3-BF4B-00C04F79EFBC}") = "StackUsingLinkedList", "StackUsingLinkedList\StackUsingLinkedList.csproj", "{883E5B78-7E96-464E-8834-5A73857435F4}"
EndProject
Global
	GlobalSection(SolutionConfigurationPlatforms) = preSolution
		Debug|Any CPU = Debug|Any CPU
		Release|Any CPU = Release|Any CPU
	EndGlobalSection
	GlobalSection(ProjectConfigurationPlatforms) = postSolution
		{180F12AB-78C5-4C5B-A5CE-258BD69AF11A}.Debug|Any CPU.ActiveCfg = Debug|Any CPU
		{180F12AB-78C5-4C5B-A5CE-258BD69AF11A}.Debug|Any CPU.Build.0 = Debug|Any CPU
		{180F12AB-78C5-4C5B-A5CE-258BD69AF11A}.Release|Any CPU.ActiveCfg = Release|Any CPU
		{180F12AB-78C5-4C5B-A5CE-258BD69AF11A}.Release|Any CPU.Build.0 = Release|Any CPU
		{883E5B78-7E96-464E-8834-5A73857435F4}.Debug|Any CPU.ActiveCfg = Debug|Any CPU
		{883E5B78-7E96-464E-8834-5A73857435F4}.Debug|Any CPU.Build.0 = Debug|Any CPU
		{883E5B78-7E96-464E-8834-5A73857435F4}.Release|Any CPU.ActiveCfg = Release|Any CPU
		{883E5B78-7E96-464E-8834-5A73857435F4}.Release|Any CPU.Build.0 = Release|Any CPU
	EndGlobalSection
	GlobalSection(SolutionProperties) = preSolution
		HideSolutionNode = FALSE
	EndGlobalSection
	GlobalSection(ExtensibilityGlobals) = postSolution
		SolutionGuid = {BA6429C4-522A-49B3-A425-798FA3F65F01}
	EndGlobalSection
EndGlobal
